<?xml version="1.0" encoding="utf-8"?>
<Project ToolsVersion="4.0" xmlns="http://schemas.microsoft.com/developer/msbuild/2003">
  <ItemGroup>
    <Filter Include="源文件">
      <UniqueIdentifier>{4FC737F1-C7A5-4376-A066-2A32D752A2FF}</UniqueIdentifier>
      <Extensions>cpp;c;cc;cxx;def;odl;idl;hpj;bat;asm;asmx</Extensions>
    </Filter>
    <Filter Include="头文件">
      <UniqueIdentifier>{93995380-89BD-4b04-88EB-625FBE52EBFB}</UniqueIdentifier>
      <Extensions>h;hh;hpp;hxx;hm;inl;inc;xsd</Extensions>
    </Filter>
    <Filter Include="资源文件">
      <UniqueIdentifier>{67DA6AB6-F800-4c08-8B7A-83BB121AAD01}</UniqueIdentifier>
      <Extensions>rc;ico;cur;bmp;dlg;rc2;rct;bin;rgs;gif;jpg;jpeg;jpe;resx;tiff;tif;png;wav;mfcribbon-ms</Extensions>
    </Filter>
    <Filter Include="delegate">
      <UniqueIdentifier>{96eab059-f994-4507-9c21-cc8bd3296487}</UniqueIdentifier>
    </Filter>
    <Filter Include="CefApp">
      <UniqueIdentifier>{6dc7d9c4-049b-4e4e-87c2-9d816903b188}</UniqueIdentifier>
    </Filter>
    <Filter Include="Client">
      <UniqueIdentifier>{71820919-e86f-40d2-9b0a-0dc4b159bacb}</UniqueIdentifier>
    </Filter>
    <Filter Include="Client\Handler">
      <UniqueIdentifier>{19e0ee39-178d-45f1-881e-cc9645570428}</UniqueIdentifier>
    </Filter>
  </ItemGroup>
  <ItemGroup>
    <ClCompile Include="SimpleV8NotificationHandler.cpp">
      <Filter>源文件</Filter>
    </ClCompile>
    <ClCompile Include="CefDelegate.cpp">
      <Filter>delegate</Filter>
    </ClCompile>
    <ClCompile Include="Log.cpp">
      <Filter>delegate</Filter>
    </ClCompile>
    <ClCompile Include="WinAppDelegate.cpp">
      <Filter>delegate</Filter>
    </ClCompile>
    <ClCompile Include="main.cpp" />
    <ClCompile Include="AppDelegate.cpp">
      <Filter>delegate</Filter>
    </ClCompile>
    <ClCompile Include="MultiAppFactory.cpp">
      <Filter>delegate</Filter>
    </ClCompile>
    <ClCompile Include="BrowserApp.cpp">
      <Filter>CefApp</Filter>
    </ClCompile>
    <ClCompile Include="RenderApp.cpp">
      <Filter>CefApp</Filter>
    </ClCompile>
    <ClCompile Include="BrowserClient.cpp">
      <Filter>Client</Filter>
    </ClCompile>
    <ClCompile Include="SimpleJSDialogHandler.cpp">
      <Filter>Client\Handler</Filter>
    </ClCompile>
    <ClCompile Include="SimpleLifeSpanHandler.cpp">
      <Filter>Client\Handler</Filter>
    </ClCompile>
    <ClCompile Include="SimpleLoadHandler.cpp">
      <Filter>Client\Handler</Filter>
    </ClCompile>
    <ClCompile Include="SimpleRenderHandler.cpp">
      <Filter>Client\Handler</Filter>
    </ClCompile>
    <ClCompile Include="SimpleRenderProcessHandle.cpp">
      <Filter>Client\Handler</Filter>
    </ClCompile>
    <ClCompile Include="SimpleRequestHandler.cpp">
      <Filter>Client\Handler</Filter>
    </ClCompile>
  </ItemGroup>
  <ItemGroup>
    <ClInclude Include="SimpleV8Interceptor.h">
      <Filter>头文件</Filter>
    </ClInclude>
    <ClInclude Include="SimpleV8NotificationHandler.h">
      <Filter>头文件</Filter>
    </ClInclude>
    <ClInclude Include="SimpleRenderProcessHandle.h">
      <Filter>头文件</Filter>
    </ClInclude>
    <ClInclude Include="CefAppFactory.h">
      <Filter>delegate</Filter>
    </ClInclude>
    <ClInclude Include="CefDelegate.h">
      <Filter>delegate</Filter>
    </ClInclude>
    <ClInclude Include="Log.h">
      <Filter>delegate</Filter>
    </ClInclude>
    <ClInclude Include="CefMixedMessageLoop.h">
      <Filter>delegate</Filter>
    </ClInclude>
    <ClInclude Include="WinAppDelegate.h">
      <Filter>delegate</Filter>
    </ClInclude>
    <ClInclude Include="AppDelegate.h">
      <Filter>delegate</Filter>
    </ClInclude>
    <ClInclude Include="MultiAppFactory.h">
      <Filter>delegate</Filter>
    </ClInclude>
    <ClInclude Include="BrowserApp.h">
      <Filter>CefApp</Filter>
    </ClInclude>
    <ClInclude Include="RenderApp.h">
      <Filter>CefApp</Filter>
    </ClInclude>
    <ClInclude Include="BrowserClient.h">
      <Filter>Client</Filter>
    </ClInclude>
    <ClInclude Include="SimpleDialogHandler.h">
      <Filter>Client\Handler</Filter>
    </ClInclude>
    <ClInclude Include="SimpleDisplayHandler.h">
      <Filter>Client\Handler</Filter>
    </ClInclude>
    <ClInclude Include="SimpleFocusHandler.h">
      <Filter>Client\Handler</Filter>
    </ClInclude>
    <ClInclude Include="SimpleJSDialogHandler.h">
      <Filter>Client\Handler</Filter>
    </ClInclude>
    <ClInclude Include="SimpleLifeSpanHandler.h">
      <Filter>Client\Handler</Filter>
    </ClInclude>
    <ClInclude Include="SimpleLoadHandler.h">
      <Filter>Client\Handler</Filter>
    </ClInclude>
    <ClInclude Include="SimpleRenderHandler.h">
      <Filter>Client\Handler</Filter>
    </ClInclude>
    <ClInclude Include="SimpleRequestHandler.h">
      <Filter>Client\Handler</Filter>
    </ClInclude>
  </ItemGroup>
</Project>